
Microsoft Visual Studio Solution File, Format Version 12.00
# Visual Studio 15
VisualStudioVersion = 15.0.28307.1259
MinimumVisualStudioVersion = 10.0.40219.1
Project("{FAE04EC0-301F-11D3-BF4B-00C04F79EFBC}") = "GamingForum", "GamingForum\GamingForum.csproj", "{75E4D310-606D-407E-8F0F-13EAECBB7C3E}"
EndProject
Global
	GlobalSection(SolutionConfigurationPlatforms) = preSolution
		Debug|Any CPU = Debug|Any CPU
		Release|Any CPU = Release|Any CPU
	EndGlobalSection
	GlobalSection(ProjectConfigurationPlatforms) = postSolution
		{75E4D310-606D-407E-8F0F-13EAECBB7C3E}.Debug|Any CPU.ActiveCfg = Debug|Any CPU
		{75E4D310-606D-407E-8F0F-13EAECBB7C3E}.Debug|Any CPU.Build.0 = Debug|Any CPU
		{75E4D310-606D-407E-8F0F-13EAECBB7C3E}.Release|Any CPU.ActiveCfg = Release|Any CPU
		{75E4D310-606D-407E-8F0F-13EAECBB7C3E}.Release|Any CPU.Build.0 = Release|Any CPU
	EndGlobalSection
	GlobalSection(SolutionProperties) = preSolution
		HideSolutionNode = FALSE
	EndGlobalSection
	GlobalSection(ExtensibilityGlobals) = postSolution
		SolutionGuid = {4228ABEF-2993-4BDB-8418-FE9DE39260EB}
	EndGlobalSection
EndGlobal
